# This file is generated by running "yarn install" inside your project.
# Manual changes might be lost - proceed with caution!

__metadata:
  version: 4

"@mikojs/core@workspace:.":
  version: 0.0.0-use.local
  resolution: "@mikojs/core@workspace:."
  languageName: unknown
  linkType: soft

"@mikojs/yarn-plugin-build@workspace:yarn-plugins/build":
  version: 0.0.0-use.local
  resolution: "@mikojs/yarn-plugin-build@workspace:yarn-plugins/build"
  languageName: unknown
  linkType: soft
