# THIS IS AN AUTOGENERATED FILE. DO NOT EDIT THIS FILE DIRECTLY.
# yarn lockfile v1


d3-hierarchy@^1.1.6:
  version "1.1.6"
  resolved "https://registry.yarnpkg.com/d3-hierarchy/-/d3-hierarchy-1.1.6.tgz#842c1372090f870b7ea013ebae5c0c8d9f56229c"

directory-tree@^2.1.0:
  version "2.1.0"
  resolved "https://registry.yarnpkg.com/directory-tree/-/directory-tree-2.1.0.tgz#e0c1a66f625481aaf7d603741f0d3d93cdd4867a"

flow-bin@^0.72.0:
  version "0.72.0"
  resolved "https://registry.yarnpkg.com/flow-bin/-/flow-bin-0.72.0.tgz#12051180fb2db7ccb728fefe67c77e955e92a44d"
